// !$*UTF8*$!
{
	archiveVersion = 1;
	classes = {
	};
	objectVersion = 46;
	objects = {

/* Begin PBXBuildFile section */
		0d2c4a01b05072bd5388a858 /* calabash.framework in Frameworks */ = {isa = PBXBuildFile; fileRef = 47ca8a1e84b8e0ba3749b9a8 /* calabash.framework */; };
		2fb306dd69873a7ec0267f8f /* main.m in Sources */ = {isa = PBXBuildFile; fileRef = 68C7773E1D775C3800FB32EC /* main.m */; };
		303ef7e743e9700ef2a2b0d1 /* Main.storyboard in Resources */ = {isa = PBXBuildFile; fileRef = 68C777461D775C3800FB32EC /* Main.storyboard */; };
		37e384175791463049a791a7 /* AppDelegate.m in Sources */ = {isa = PBXBuildFile; fileRef = 68C777411D775C3800FB32EC /* AppDelegate.m */; };
		4cb76ef02a2993059f79e044 /* CFNetwork.framework in Frameworks */ = {isa = PBXBuildFile; fileRef = 24fc8f7342b603f5d8392483 /* CFNetwork.framework */; };
		68C266C71D789B4A00EC4F17 /* ContainerViewController.m in Sources */ = {isa = PBXBuildFile; fileRef = 68C266C61D789B4A00EC4F17 /* ContainerViewController.m */; };
		68C266C81D789B6200EC4F17 /* ContainerViewController.m in Sources */ = {isa = PBXBuildFile; fileRef = 68C266C61D789B4A00EC4F17 /* ContainerViewController.m */; };
		68C266CA1D78BCA700EC4F17 /* Material.framework in Frameworks */ = {isa = PBXBuildFile; fileRef = 68C266C91D78BCA700EC4F17 /* Material.framework */; };
		68C266CB1D78BCA700EC4F17 /* Material.framework in Embed Frameworks */ = {isa = PBXBuildFile; fileRef = 68C266C91D78BCA700EC4F17 /* Material.framework */; settings = {ATTRIBUTES = (CodeSignOnCopy, RemoveHeadersOnCopy, ); }; };
		68C266CE1D78BD2A00EC4F17 /* SVProgressHUD.framework in Frameworks */ = {isa = PBXBuildFile; fileRef = 68C266CD1D78BD2A00EC4F17 /* SVProgressHUD.framework */; };
		68C266CF1D78BD2A00EC4F17 /* SVProgressHUD.framework in Embed Frameworks */ = {isa = PBXBuildFile; fileRef = 68C266CD1D78BD2A00EC4F17 /* SVProgressHUD.framework */; settings = {ATTRIBUTES = (CodeSignOnCopy, RemoveHeadersOnCopy, ); }; };
		68C266D01D78BD8000EC4F17 /* SVProgressHUD.framework in Frameworks */ = {isa = PBXBuildFile; fileRef = 68C266CD1D78BD2A00EC4F17 /* SVProgressHUD.framework */; };
		68C266D11D78BD8000EC4F17 /* SVProgressHUD.framework in Embed Frameworks */ = {isa = PBXBuildFile; fileRef = 68C266CD1D78BD2A00EC4F17 /* SVProgressHUD.framework */; settings = {ATTRIBUTES = (CodeSignOnCopy, RemoveHeadersOnCopy, ); }; };
		68C266D31D78BD8600EC4F17 /* Material.framework in Frameworks */ = {isa = PBXBuildFile; fileRef = 68C266C91D78BCA700EC4F17 /* Material.framework */; };
		68C266D41D78BD8600EC4F17 /* Material.framework in Embed Frameworks */ = {isa = PBXBuildFile; fileRef = 68C266C91D78BCA700EC4F17 /* Material.framework */; settings = {ATTRIBUTES = (CodeSignOnCopy, RemoveHeadersOnCopy, ); }; };
		68C7773F1D775C3800FB32EC /* main.m in Sources */ = {isa = PBXBuildFile; fileRef = 68C7773E1D775C3800FB32EC /* main.m */; };
		68C777421D775C3800FB32EC /* AppDelegate.m in Sources */ = {isa = PBXBuildFile; fileRef = 68C777411D775C3800FB32EC /* AppDelegate.m */; };
		68C777451D775C3800FB32EC /* ViewController.m in Sources */ = {isa = PBXBuildFile; fileRef = 68C777441D775C3800FB32EC /* ViewController.m */; };
		68C777481D775C3800FB32EC /* Main.storyboard in Resources */ = {isa = PBXBuildFile; fileRef = 68C777461D775C3800FB32EC /* Main.storyboard */; };
		68C7774A1D775C3800FB32EC /* Assets.xcassets in Resources */ = {isa = PBXBuildFile; fileRef = 68C777491D775C3800FB32EC /* Assets.xcassets */; };
		68C7774D1D775C3800FB32EC /* LaunchScreen.storyboard in Resources */ = {isa = PBXBuildFile; fileRef = 68C7774B1D775C3800FB32EC /* LaunchScreen.storyboard */; };
		68C777581D775C3800FB32EC /* DigitalDayTests.m in Sources */ = {isa = PBXBuildFile; fileRef = 68C777571D775C3800FB32EC /* DigitalDayTests.m */; };
		68C777631D775C3800FB32EC /* DigitalDayUITests.m in Sources */ = {isa = PBXBuildFile; fileRef = 68C777621D775C3800FB32EC /* DigitalDayUITests.m */; };
		9899e1faed8c35517ffdeac2 /* LaunchScreen.storyboard in Resources */ = {isa = PBXBuildFile; fileRef = 68C7774B1D775C3800FB32EC /* LaunchScreen.storyboard */; };
		d43085a0952ede31d4bc5933 /* ViewController.m in Sources */ = {isa = PBXBuildFile; fileRef = 68C777441D775C3800FB32EC /* ViewController.m */; };
		e8fd62473c3a0c2626b96294 /* Assets.xcassets in Resources */ = {isa = PBXBuildFile; fileRef = 68C777491D775C3800FB32EC /* Assets.xcassets */; };
/* End PBXBuildFile section */

/* Begin PBXContainerItemProxy section */
		68C777541D775C3800FB32EC /* PBXContainerItemProxy */ = {
			isa = PBXContainerItemProxy;
			containerPortal = 68C777321D775C3700FB32EC /* Project object */;
			proxyType = 1;
			remoteGlobalIDString = 68C777391D775C3800FB32EC;
			remoteInfo = DigitalDay;
		};
		68C7775F1D775C3800FB32EC /* PBXContainerItemProxy */ = {
			isa = PBXContainerItemProxy;
			containerPortal = 68C777321D775C3700FB32EC /* Project object */;
			proxyType = 1;
			remoteGlobalIDString = 68C777391D775C3800FB32EC;
			remoteInfo = DigitalDay;
		};
/* End PBXContainerItemProxy section */

/* Begin PBXCopyFilesBuildPhase section */
		68C266CC1D78BCA700EC4F17 /* Embed Frameworks */ = {
			isa = PBXCopyFilesBuildPhase;
			buildActionMask = 2147483647;
			dstPath = "";
			dstSubfolderSpec = 10;
			files = (
				68C266CF1D78BD2A00EC4F17 /* SVProgressHUD.framework in Embed Frameworks */,
				68C266CB1D78BCA700EC4F17 /* Material.framework in Embed Frameworks */,
			);
			name = "Embed Frameworks";
			runOnlyForDeploymentPostprocessing = 0;
		};
		68C266D21D78BD8000EC4F17 /* Embed Frameworks */ = {
			isa = PBXCopyFilesBuildPhase;
			buildActionMask = 2147483647;
			dstPath = "";
			dstSubfolderSpec = 10;
			files = (
				68C266D11D78BD8000EC4F17 /* SVProgressHUD.framework in Embed Frameworks */,
				68C266D41D78BD8600EC4F17 /* Material.framework in Embed Frameworks */,
			);
			name = "Embed Frameworks";
			runOnlyForDeploymentPostprocessing = 0;
		};
/* End PBXCopyFilesBuildPhase section */

/* Begin PBXFileReference section */
		24fc8f7342b603f5d8392483 /* CFNetwork.framework */ = {isa = PBXFileReference; fileEncoding = 4; lastKnownFileType = wrapper.framework; name = CFNetwork.framework; path = System/Library/Frameworks/CFNetwork.framework; sourceTree = SDKROOT; };
		47ca8a1e84b8e0ba3749b9a8 /* calabash.framework */ = {isa = PBXFileReference; fileEncoding = 4; lastKnownFileType = wrapper.framework; path = calabash.framework; sourceTree = "<group>"; };
		68C266C41D78976400EC4F17 /* DigitalDay-cal.app */ = {isa = PBXFileReference; explicitFileType = wrapper.application; includeInIndex = 0; path = "DigitalDay-cal.app"; sourceTree = BUILT_PRODUCTS_DIR; };
		68C266C51D789B4A00EC4F17 /* ContainerViewController.h */ = {isa = PBXFileReference; fileEncoding = 4; lastKnownFileType = sourcecode.c.h; path = ContainerViewController.h; sourceTree = "<group>"; };
		68C266C61D789B4A00EC4F17 /* ContainerViewController.m */ = {isa = PBXFileReference; fileEncoding = 4; lastKnownFileType = sourcecode.c.objc; path = ContainerViewController.m; sourceTree = "<group>"; };
		68C266C91D78BCA700EC4F17 /* Material.framework */ = {isa = PBXFileReference; lastKnownFileType = wrapper.framework; name = Material.framework; path = Carthage/Build/iOS/Material.framework; sourceTree = "<group>"; };
		68C266CD1D78BD2A00EC4F17 /* SVProgressHUD.framework */ = {isa = PBXFileReference; lastKnownFileType = wrapper.framework; name = SVProgressHUD.framework; path = Carthage/Build/iOS/SVProgressHUD.framework; sourceTree = "<group>"; };
		68C7773A1D775C3800FB32EC /* DigitalDay.app */ = {isa = PBXFileReference; explicitFileType = wrapper.application; includeInIndex = 0; path = DigitalDay.app; sourceTree = BUILT_PRODUCTS_DIR; };
		68C7773E1D775C3800FB32EC /* main.m */ = {isa = PBXFileReference; lastKnownFileType = sourcecode.c.objc; path = main.m; sourceTree = "<group>"; };
		68C777401D775C3800FB32EC /* AppDelegate.h */ = {isa = PBXFileReference; lastKnownFileType = sourcecode.c.h; path = AppDelegate.h; sourceTree = "<group>"; };
		68C777411D775C3800FB32EC /* AppDelegate.m */ = {isa = PBXFileReference; lastKnownFileType = sourcecode.c.objc; path = AppDelegate.m; sourceTree = "<group>"; };
		68C777431D775C3800FB32EC /* ViewController.h */ = {isa = PBXFileReference; lastKnownFileType = sourcecode.c.h; path = ViewController.h; sourceTree = "<group>"; };
		68C777441D775C3800FB32EC /* ViewController.m */ = {isa = PBXFileReference; lastKnownFileType = sourcecode.c.objc; path = ViewController.m; sourceTree = "<group>"; };
		68C777471D775C3800FB32EC /* Base */ = {isa = PBXFileReference; lastKnownFileType = file.storyboard; name = Base; path = Base.lproj/Main.storyboard; sourceTree = "<group>"; };
		68C777491D775C3800FB32EC /* Assets.xcassets */ = {isa = PBXFileReference; lastKnownFileType = folder.assetcatalog; path = Assets.xcassets; sourceTree = "<group>"; };
		68C7774C1D775C3800FB32EC /* Base */ = {isa = PBXFileReference; lastKnownFileType = file.storyboard; name = Base; path = Base.lproj/LaunchScreen.storyboard; sourceTree = "<group>"; };
		68C7774E1D775C3800FB32EC /* Info.plist */ = {isa = PBXFileReference; lastKnownFileType = text.plist.xml; path = Info.plist; sourceTree = "<group>"; };
		68C777531D775C3800FB32EC /* DigitalDayTests.xctest */ = {isa = PBXFileReference; explicitFileType = wrapper.cfbundle; includeInIndex = 0; path = DigitalDayTests.xctest; sourceTree = BUILT_PRODUCTS_DIR; };
		68C777571D775C3800FB32EC /* DigitalDayTests.m */ = {isa = PBXFileReference; lastKnownFileType = sourcecode.c.objc; path = DigitalDayTests.m; sourceTree = "<group>"; };
		68C777591D775C3800FB32EC /* Info.plist */ = {isa = PBXFileReference; lastKnownFileType = text.plist.xml; path = Info.plist; sourceTree = "<group>"; };
		68C7775E1D775C3800FB32EC /* DigitalDayUITests.xctest */ = {isa = PBXFileReference; explicitFileType = wrapper.cfbundle; includeInIndex = 0; path = DigitalDayUITests.xctest; sourceTree = BUILT_PRODUCTS_DIR; };
		68C777621D775C3800FB32EC /* DigitalDayUITests.m */ = {isa = PBXFileReference; lastKnownFileType = sourcecode.c.objc; path = DigitalDayUITests.m; sourceTree = "<group>"; };
		68C777641D775C3800FB32EC /* Info.plist */ = {isa = PBXFileReference; lastKnownFileType = text.plist.xml; path = Info.plist; sourceTree = "<group>"; };
/* End PBXFileReference section */

/* Begin PBXFrameworksBuildPhase section */
		6070e8d9fddb6657683c1e1d /* Frameworks */ = {
			isa = PBXFrameworksBuildPhase;
			buildActionMask = 2147483647;
			files = (
				68C266D01D78BD8000EC4F17 /* SVProgressHUD.framework in Frameworks */,
				68C266D31D78BD8600EC4F17 /* Material.framework in Frameworks */,
				4cb76ef02a2993059f79e044 /* CFNetwork.framework in Frameworks */,
				0d2c4a01b05072bd5388a858 /* calabash.framework in Frameworks */,
			);
			runOnlyForDeploymentPostprocessing = 0;
		};
		68C777371D775C3800FB32EC /* Frameworks */ = {
			isa = PBXFrameworksBuildPhase;
			buildActionMask = 2147483647;
			files = (
				68C266CE1D78BD2A00EC4F17 /* SVProgressHUD.framework in Frameworks */,
				68C266CA1D78BCA700EC4F17 /* Material.framework in Frameworks */,
			);
			runOnlyForDeploymentPostprocessing = 0;
		};
		68C777501D775C3800FB32EC /* Frameworks */ = {
			isa = PBXFrameworksBuildPhase;
			buildActionMask = 2147483647;
			files = (
			);
			runOnlyForDeploymentPostprocessing = 0;
		};
		68C7775B1D775C3800FB32EC /* Frameworks */ = {
			isa = PBXFrameworksBuildPhase;
			buildActionMask = 2147483647;
			files = (
			);
			runOnlyForDeploymentPostprocessing = 0;
		};
/* End PBXFrameworksBuildPhase section */

/* Begin PBXGroup section */
		68C266C31D78975200EC4F17 /* Frameworks */ = {
			isa = PBXGroup;
			children = (
				68C266CD1D78BD2A00EC4F17 /* SVProgressHUD.framework */,
				68C266C91D78BCA700EC4F17 /* Material.framework */,
				24fc8f7342b603f5d8392483 /* CFNetwork.framework */,
				47ca8a1e84b8e0ba3749b9a8 /* calabash.framework */,
			);
			name = Frameworks;
			sourceTree = "<group>";
		};
		68C777311D775C3700FB32EC = {
			isa = PBXGroup;
			children = (
				68C7773C1D775C3800FB32EC /* DigitalDay */,
				68C777561D775C3800FB32EC /* DigitalDayTests */,
				68C777611D775C3800FB32EC /* DigitalDayUITests */,
				68C7773B1D775C3800FB32EC /* Products */,
				68C266C31D78975200EC4F17 /* Frameworks */,
			);
			sourceTree = "<group>";
		};
		68C7773B1D775C3800FB32EC /* Products */ = {
			isa = PBXGroup;
			children = (
				68C7773A1D775C3800FB32EC /* DigitalDay.app */,
				68C777531D775C3800FB32EC /* DigitalDayTests.xctest */,
				68C7775E1D775C3800FB32EC /* DigitalDayUITests.xctest */,
				68C266C41D78976400EC4F17 /* DigitalDay-cal.app */,
			);
			name = Products;
			sourceTree = "<group>";
		};
		68C7773C1D775C3800FB32EC /* DigitalDay */ = {
			isa = PBXGroup;
			children = (
				68C777401D775C3800FB32EC /* AppDelegate.h */,
				68C777411D775C3800FB32EC /* AppDelegate.m */,
				68C777431D775C3800FB32EC /* ViewController.h */,
				68C777441D775C3800FB32EC /* ViewController.m */,
				68C266C51D789B4A00EC4F17 /* ContainerViewController.h */,
				68C266C61D789B4A00EC4F17 /* ContainerViewController.m */,
				68C777461D775C3800FB32EC /* Main.storyboard */,
				68C777491D775C3800FB32EC /* Assets.xcassets */,
				68C7774B1D775C3800FB32EC /* LaunchScreen.storyboard */,
				68C7774E1D775C3800FB32EC /* Info.plist */,
				68C7773D1D775C3800FB32EC /* Supporting Files */,
			);
			path = DigitalDay;
			sourceTree = "<group>";
		};
		68C7773D1D775C3800FB32EC /* Supporting Files */ = {
			isa = PBXGroup;
			children = (
				68C7773E1D775C3800FB32EC /* main.m */,
			);
			name = "Supporting Files";
			sourceTree = "<group>";
		};
		68C777561D775C3800FB32EC /* DigitalDayTests */ = {
			isa = PBXGroup;
			children = (
				68C777571D775C3800FB32EC /* DigitalDayTests.m */,
				68C777591D775C3800FB32EC /* Info.plist */,
			);
			path = DigitalDayTests;
			sourceTree = "<group>";
		};
		68C777611D775C3800FB32EC /* DigitalDayUITests */ = {
			isa = PBXGroup;
			children = (
				68C777621D775C3800FB32EC /* DigitalDayUITests.m */,
				68C777641D775C3800FB32EC /* Info.plist */,
			);
			path = DigitalDayUITests;
			sourceTree = "<group>";
		};
/* End PBXGroup section */

/* Begin PBXNativeTarget section */
		68C777391D775C3800FB32EC /* DigitalDay */ = {
			isa = PBXNativeTarget;
			buildConfigurationList = 68C777671D775C3800FB32EC /* Build configuration list for PBXNativeTarget "DigitalDay" */;
			buildPhases = (
				68C777361D775C3800FB32EC /* Sources */,
				68C777371D775C3800FB32EC /* Frameworks */,
				68C777381D775C3800FB32EC /* Resources */,
				68C266CC1D78BCA700EC4F17 /* Embed Frameworks */,
			);
			buildRules = (
			);
			dependencies = (
			);
			name = DigitalDay;
			productName = DigitalDay;
			productReference = 68C7773A1D775C3800FB32EC /* DigitalDay.app */;
			productType = "com.apple.product-type.application";
		};
		68C777521D775C3800FB32EC /* DigitalDayTests */ = {
			isa = PBXNativeTarget;
			buildConfigurationList = 68C7776A1D775C3800FB32EC /* Build configuration list for PBXNativeTarget "DigitalDayTests" */;
			buildPhases = (
				68C7774F1D775C3800FB32EC /* Sources */,
				68C777501D775C3800FB32EC /* Frameworks */,
				68C777511D775C3800FB32EC /* Resources */,
			);
			buildRules = (
			);
			dependencies = (
				68C777551D775C3800FB32EC /* PBXTargetDependency */,
			);
			name = DigitalDayTests;
			productName = DigitalDayTests;
			productReference = 68C777531D775C3800FB32EC /* DigitalDayTests.xctest */;
			productType = "com.apple.product-type.bundle.unit-test";
		};
		68C7775D1D775C3800FB32EC /* DigitalDayUITests */ = {
			isa = PBXNativeTarget;
			buildConfigurationList = 68C7776D1D775C3800FB32EC /* Build configuration list for PBXNativeTarget "DigitalDayUITests" */;
			buildPhases = (
				68C7775A1D775C3800FB32EC /* Sources */,
				68C7775B1D775C3800FB32EC /* Frameworks */,
				68C7775C1D775C3800FB32EC /* Resources */,
			);
			buildRules = (
			);
			dependencies = (
				68C777601D775C3800FB32EC /* PBXTargetDependency */,
			);
			name = DigitalDayUITests;
			productName = DigitalDayUITests;
			productReference = 68C7775E1D775C3800FB32EC /* DigitalDayUITests.xctest */;
			productType = "com.apple.product-type.bundle.ui-testing";
		};
		ac6d4d0fc5556d8d48c4a69b /* DigitalDay-cal */ = {
			isa = PBXNativeTarget;
			buildConfigurationList = a7b035c70d0fb1333fc2e161 /* Build configuration list for PBXNativeTarget "DigitalDay-cal" */;
			buildPhases = (
				42635dc308bee71ba60a826b /* Sources */,
				6070e8d9fddb6657683c1e1d /* Frameworks */,
				842545723ce1e1b8e1b3610a /* Resources */,
				68C266D21D78BD8000EC4F17 /* Embed Frameworks */,
			);
			buildRules = (
			);
			dependencies = (
			);
			name = "DigitalDay-cal";
			productName = "DigitalDay-cal";
			productReference = 68C266C41D78976400EC4F17 /* DigitalDay-cal.app */;
			productType = "com.apple.product-type.application";
		};
/* End PBXNativeTarget section */

/* Begin PBXProject section */
		68C777321D775C3700FB32EC /* Project object */ = {
			isa = PBXProject;
			attributes = {
				LastUpgradeCheck = 0730;
				ORGANIZATIONNAME = "Rodrigo Gomes Dias";
				TargetAttributes = {
					68C777391D775C3800FB32EC = {
						CreatedOnToolsVersion = 7.3.1;
					};
					68C777521D775C3800FB32EC = {
						CreatedOnToolsVersion = 7.3.1;
						TestTargetID = 68C777391D775C3800FB32EC;
					};
					68C7775D1D775C3800FB32EC = {
						CreatedOnToolsVersion = 7.3.1;
						TestTargetID = 68C777391D775C3800FB32EC;
					};
				};
			};
			buildConfigurationList = 68C777351D775C3700FB32EC /* Build configuration list for PBXProject "DigitalDay" */;
			compatibilityVersion = "Xcode 3.2";
			developmentRegion = English;
			hasScannedForEncodings = 0;
			knownRegions = (
				en,
				Base,
			);
			mainGroup = 68C777311D775C3700FB32EC;
			productRefGroup = 68C7773B1D775C3800FB32EC /* Products */;
			projectDirPath = "";
			projectRoot = "";
			targets = (
				68C777391D775C3800FB32EC /* DigitalDay */,
				68C777521D775C3800FB32EC /* DigitalDayTests */,
				68C7775D1D775C3800FB32EC /* DigitalDayUITests */,
				ac6d4d0fc5556d8d48c4a69b /* DigitalDay-cal */,
			);
		};
/* End PBXProject section */

/* Begin PBXResourcesBuildPhase section */
		68C777381D775C3800FB32EC /* Resources */ = {
			isa = PBXResourcesBuildPhase;
			buildActionMask = 2147483647;
			files = (
				68C7774D1D775C3800FB32EC /* LaunchScreen.storyboard in Resources */,
				68C7774A1D775C3800FB32EC /* Assets.xcassets in Resources */,
				68C777481D775C3800FB32EC /* Main.storyboard in Resources */,
			);
			runOnlyForDeploymentPostprocessing = 0;
		};
		68C777511D775C3800FB32EC /* Resources */ = {
			isa = PBXResourcesBuildPhase;
			buildActionMask = 2147483647;
			files = (
			);
			runOnlyForDeploymentPostprocessing = 0;
		};
		68C7775C1D775C3800FB32EC /* Resources */ = {
			isa = PBXResourcesBuildPhase;
			buildActionMask = 2147483647;
			files = (
			);
			runOnlyForDeploymentPostprocessing = 0;
		};
		842545723ce1e1b8e1b3610a /* Resources */ = {
			isa = PBXResourcesBuildPhase;
			buildActionMask = 2147483647;
			files = (
				9899e1faed8c35517ffdeac2 /* LaunchScreen.storyboard in Resources */,
				e8fd62473c3a0c2626b96294 /* Assets.xcassets in Resources */,
				303ef7e743e9700ef2a2b0d1 /* Main.storyboard in Resources */,
			);
			runOnlyForDeploymentPostprocessing = 0;
		};
/* End PBXResourcesBuildPhase section */

/* Begin PBXSourcesBuildPhase section */
		42635dc308bee71ba60a826b /* Sources */ = {
			isa = PBXSourcesBuildPhase;
			buildActionMask = 2147483647;
			files = (
				d43085a0952ede31d4bc5933 /* ViewController.m in Sources */,
				37e384175791463049a791a7 /* AppDelegate.m in Sources */,
				68C266C81D789B6200EC4F17 /* ContainerViewController.m in Sources */,
				2fb306dd69873a7ec0267f8f /* main.m in Sources */,
			);
			runOnlyForDeploymentPostprocessing = 0;
		};
		68C777361D775C3800FB32EC /* Sources */ = {
			isa = PBXSourcesBuildPhase;
			buildActionMask = 2147483647;
			files = (
				68C777451D775C3800FB32EC /* ViewController.m in Sources */,
				68C777421D775C3800FB32EC /* AppDelegate.m in Sources */,
				68C266C71D789B4A00EC4F17 /* ContainerViewController.m in Sources */,
				68C7773F1D775C3800FB32EC /* main.m in Sources */,
			);
			runOnlyForDeploymentPostprocessing = 0;
		};
		68C7774F1D775C3800FB32EC /* Sources */ = {
			isa = PBXSourcesBuildPhase;
			buildActionMask = 2147483647;
			files = (
				68C777581D775C3800FB32EC /* DigitalDayTests.m in Sources */,
			);
			runOnlyForDeploymentPostprocessing = 0;
		};
		68C7775A1D775C3800FB32EC /* Sources */ = {
			isa = PBXSourcesBuildPhase;
			buildActionMask = 2147483647;
			files = (
				68C777631D775C3800FB32EC /* DigitalDayUITests.m in Sources */,
			);
			runOnlyForDeploymentPostprocessing = 0;
		};
/* End PBXSourcesBuildPhase section */

/* Begin PBXTargetDependency section */
		68C777551D775C3800FB32EC /* PBXTargetDependency */ = {
			isa = PBXTargetDependency;
			target = 68C777391D775C3800FB32EC /* DigitalDay */;
			targetProxy = 68C777541D775C3800FB32EC /* PBXContainerItemProxy */;
		};
		68C777601D775C3800FB32EC /* PBXTargetDependency */ = {
			isa = PBXTargetDependency;
			target = 68C777391D775C3800FB32EC /* DigitalDay */;
			targetProxy = 68C7775F1D775C3800FB32EC /* PBXContainerItemProxy */;
		};
/* End PBXTargetDependency section */

/* Begin PBXVariantGroup section */
		68C777461D775C3800FB32EC /* Main.storyboard */ = {
			isa = PBXVariantGroup;
			children = (
				68C777471D775C3800FB32EC /* Base */,
			);
			name = Main.storyboard;
			sourceTree = "<group>";
		};
		68C7774B1D775C3800FB32EC /* LaunchScreen.storyboard */ = {
			isa = PBXVariantGroup;
			children = (
				68C7774C1D775C3800FB32EC /* Base */,
			);
			name = LaunchScreen.storyboard;
			sourceTree = "<group>";
		};
/* End PBXVariantGroup section */

/* Begin XCBuildConfiguration section */
		095e0b74b668d2ad4e0dce5a /* Debug */ = {
			isa = XCBuildConfiguration;
			buildSettings = {
				ASSETCATALOG_COMPILER_APPICON_NAME = AppIcon;
				EMBEDDED_CONTENT_CONTAINS_SWIFT = YES;
				FRAMEWORK_SEARCH_PATHS = (
					"$(inherited)",
					"$(SRCROOT)",
					"$(PROJECT_DIR)/Carthage/Build/iOS",
				);
				INFOPLIST_FILE = DigitalDay/Info.plist;
				LD_RUNPATH_SEARCH_PATHS = "$(inherited) @executable_path/Frameworks";
				OTHER_LDFLAGS = (
					"$(inherited)",
					"-force_load",
					"\"$(SRCROOT)/calabash.framework/calabash\"",
					"-lstdc++",
				);
				PRODUCT_BUNDLE_IDENTIFIER = com.ciandt.test.DigitalDay;
				PRODUCT_NAME = "$(TARGET_NAME)";
			};
			name = Debug;
		};
		1809cc3e6e774b4fc751c691 /* Release */ = {
			isa = XCBuildConfiguration;
			buildSettings = {
				ASSETCATALOG_COMPILER_APPICON_NAME = AppIcon;
				EMBEDDED_CONTENT_CONTAINS_SWIFT = YES;
				FRAMEWORK_SEARCH_PATHS = (
					"$(inherited)",
					"$(SRCROOT)",
					"$(PROJECT_DIR)/Carthage/Build/iOS",
				);
				INFOPLIST_FILE = DigitalDay/Info.plist;
				LD_RUNPATH_SEARCH_PATHS = "$(inherited) @executable_path/Frameworks";
				OTHER_LDFLAGS = (
					"$(inherited)",
					"-force_load",
					"\"$(SRCROOT)/calabash.framework/calabash\"",
					"-lstdc++",
				);
				PRODUCT_BUNDLE_IDENTIFIER = com.ciandt.test.DigitalDay;
				PRODUCT_NAME = "$(TARGET_NAME)";
			};
			name = Release;
		};
		68C777651D775C3800FB32EC /* Debug */ = {
			isa = XCBuildConfiguration;
			buildSettings = {
				ALWAYS_SEARCH_USER_PATHS = NO;
				CLANG_ANALYZER_NONNULL = YES;
				CLANG_CXX_LANGUAGE_STANDARD = "gnu++0x";
				CLANG_CXX_LIBRARY = "libc++";
				CLANG_ENABLE_MODULES = YES;
				CLANG_ENABLE_OBJC_ARC = YES;
				CLANG_WARN_BOOL_CONVERSION = YES;
				CLANG_WARN_CONSTANT_CONVERSION = YES;
				CLANG_WARN_DIRECT_OBJC_ISA_USAGE = YES_ERROR;
				CLANG_WARN_EMPTY_BODY = YES;
				CLANG_WARN_ENUM_CONVERSION = YES;
				CLANG_WARN_INT_CONVERSION = YES;
				CLANG_WARN_OBJC_ROOT_CLASS = YES_ERROR;
				CLANG_WARN_UNREACHABLE_CODE = YES;
				CLANG_WARN__DUPLICATE_METHOD_MATCH = YES;
				"CODE_SIGN_IDENTITY[sdk=iphoneos*]" = "iPhone Developer";
				COPY_PHASE_STRIP = NO;
				DEBUG_INFORMATION_FORMAT = dwarf;
				ENABLE_STRICT_OBJC_MSGSEND = YES;
				ENABLE_TESTABILITY = YES;
				GCC_C_LANGUAGE_STANDARD = gnu99;
				GCC_DYNAMIC_NO_PIC = NO;
				GCC_NO_COMMON_BLOCKS = YES;
				GCC_OPTIMIZATION_LEVEL = 0;
				GCC_PREPROCESSOR_DEFINITIONS = (
					"DEBUG=1",
					"$(inherited)",
				);
				GCC_WARN_64_TO_32_BIT_CONVERSION = YES;
				GCC_WARN_ABOUT_RETURN_TYPE = YES_ERROR;
				GCC_WARN_UNDECLARED_SELECTOR = YES;
				GCC_WARN_UNINITIALIZED_AUTOS = YES_AGGRESSIVE;
				GCC_WARN_UNUSED_FUNCTION = YES;
				GCC_WARN_UNUSED_VARIABLE = YES;
				IPHONEOS_DEPLOYMENT_TARGET = 9.3;
				MTL_ENABLE_DEBUG_INFO = YES;
				ONLY_ACTIVE_ARCH = YES;
				SDKROOT = iphoneos;
				TARGETED_DEVICE_FAMILY = "1,2";
			};
			name = Debug;
		};
		68C777661D775C3800FB32EC /* Release */ = {
			isa = XCBuildConfiguration;
			buildSettings = {
				ALWAYS_SEARCH_USER_PATHS = NO;
				CLANG_ANALYZER_NONNULL = YES;
				CLANG_CXX_LANGUAGE_STANDARD = "gnu++0x";
				CLANG_CXX_LIBRARY = "libc++";
				CLANG_ENABLE_MODULES = YES;
				CLANG_ENABLE_OBJC_ARC = YES;
				CLANG_WARN_BOOL_CONVERSION = YES;
				CLANG_WARN_CONSTANT_CONVERSION = YES;
				CLANG_WARN_DIRECT_OBJC_ISA_USAGE = YES_ERROR;
				CLANG_WARN_EMPTY_BODY = YES;
				CLANG_WARN_ENUM_CONVERSION = YES;
				CLANG_WARN_INT_CONVERSION = YES;
				CLANG_WARN_OBJC_ROOT_CLASS = YES_ERROR;
				CLANG_WARN_UNREACHABLE_CODE = YES;
				CLANG_WARN__DUPLICATE_METHOD_MATCH = YES;
				"CODE_SIGN_IDENTITY[sdk=iphoneos*]" = "iPhone Developer";
				COPY_PHASE_STRIP = NO;
				DEBUG_INFORMATION_FORMAT = "dwarf-with-dsym";
				ENABLE_NS_ASSERTIONS = NO;
				ENABLE_STRICT_OBJC_MSGSEND = YES;
				GCC_C_LANGUAGE_STANDARD = gnu99;
				GCC_NO_COMMON_BLOCKS = YES;
				GCC_WARN_64_TO_32_BIT_CONVERSION = YES;
				GCC_WARN_ABOUT_RETURN_TYPE = YES_ERROR;
				GCC_WARN_UNDECLARED_SELECTOR = YES;
				GCC_WARN_UNINITIALIZED_AUTOS = YES_AGGRESSIVE;
				GCC_WARN_UNUSED_FUNCTION = YES;
				GCC_WARN_UNUSED_VARIABLE = YES;
				IPHONEOS_DEPLOYMENT_TARGET = 9.3;
				MTL_ENABLE_DEBUG_INFO = NO;
				SDKROOT = iphoneos;
				TARGETED_DEVICE_FAMILY = "1,2";
				VALIDATE_PRODUCT = YES;
			};
			name = Release;
		};
		68C777681D775C3800FB32EC /* Debug */ = {
			isa = XCBuildConfiguration;
			buildSettings = {
				ASSETCATALOG_COMPILER_APPICON_NAME = AppIcon;
				FRAMEWORK_SEARCH_PATHS = (
					"$(inherited)",
					"$(PROJECT_DIR)/Carthage/Build/iOS",
				);
				INFOPLIST_FILE = DigitalDay/Info.plist;
				LD_RUNPATH_SEARCH_PATHS = "$(inherited) @executable_path/Frameworks";
				PRODUCT_BUNDLE_IDENTIFIER = com.ciandt.test.DigitalDay;
				PRODUCT_NAME = "$(TARGET_NAME)";
			};
			name = Debug;
		};
		68C777691D775C3800FB32EC /* Release */ = {
			isa = XCBuildConfiguration;
			buildSettings = {
				ASSETCATALOG_COMPILER_APPICON_NAME = AppIcon;
				FRAMEWORK_SEARCH_PATHS = (
					"$(inherited)",
					"$(PROJECT_DIR)/Carthage/Build/iOS",
				);
				INFOPLIST_FILE = DigitalDay/Info.plist;
				LD_RUNPATH_SEARCH_PATHS = "$(inherited) @executable_path/Frameworks";
				PRODUCT_BUNDLE_IDENTIFIER = com.ciandt.test.DigitalDay;
				PRODUCT_NAME = "$(TARGET_NAME)";
			};
			name = Release;
		};
		68C7776B1D775C3800FB32EC /* Debug */ = {
			isa = XCBuildConfiguration;
			buildSettings = {
				BUNDLE_LOADER = "$(TEST_HOST)";
				INFOPLIST_FILE = DigitalDayTests/Info.plist;
				LD_RUNPATH_SEARCH_PATHS = "$(inherited) @executable_path/Frameworks @loader_path/Frameworks";
				PRODUCT_BUNDLE_IDENTIFIER = com.ciandt.test.DigitalDayTests;
				PRODUCT_NAME = "$(TARGET_NAME)";
				TEST_HOST = "$(BUILT_PRODUCTS_DIR)/DigitalDay.app/DigitalDay";
			};
			name = Debug;
		};
		68C7776C1D775C3800FB32EC /* Release */ = {
			isa = XCBuildConfiguration;
			buildSettings = {
				BUNDLE_LOADER = "$(TEST_HOST)";
				INFOPLIST_FILE = DigitalDayTests/Info.plist;
				LD_RUNPATH_SEARCH_PATHS = "$(inherited) @executable_path/Frameworks @loader_path/Frameworks";
				PRODUCT_BUNDLE_IDENTIFIER = com.ciandt.test.DigitalDayTests;
				PRODUCT_NAME = "$(TARGET_NAME)";
				TEST_HOST = "$(BUILT_PRODUCTS_DIR)/DigitalDay.app/DigitalDay";
			};
			name = Release;
		};
		68C7776E1D775C3800FB32EC /* Debug */ = {
			isa = XCBuildConfiguration;
			buildSettings = {
				INFOPLIST_FILE = DigitalDayUITests/Info.plist;
				LD_RUNPATH_SEARCH_PATHS = "$(inherited) @executable_path/Frameworks @loader_path/Frameworks";
				PRODUCT_BUNDLE_IDENTIFIER = com.ciandt.test.DigitalDayUITests;
				PRODUCT_NAME = "$(TARGET_NAME)";
				TEST_TARGET_NAME = DigitalDay;
			};
			name = Debug;
		};
		68C7776F1D775C3800FB32EC /* Release */ = {
			isa = XCBuildConfiguration;
			buildSettings = {
				INFOPLIST_FILE = DigitalDayUITests/Info.plist;
				LD_RUNPATH_SEARCH_PATHS = "$(inherited) @executable_path/Frameworks @loader_path/Frameworks";
				PRODUCT_BUNDLE_IDENTIFIER = com.ciandt.test.DigitalDayUITests;
				PRODUCT_NAME = "$(TARGET_NAME)";
				TEST_TARGET_NAME = DigitalDay;
			};
			name = Release;
		};
/* End XCBuildConfiguration section */

/* Begin XCConfigurationList section */
		68C777351D775C3700FB32EC /* Build configuration list for PBXProject "DigitalDay" */ = {
			isa = XCConfigurationList;
			buildConfigurations = (
				68C777651D775C3800FB32EC /* Debug */,
				68C777661D775C3800FB32EC /* Release */,
			);
			defaultConfigurationIsVisible = 0;
			defaultConfigurationName = Release;
		};
		68C777671D775C3800FB32EC /* Build configuration list for PBXNativeTarget "DigitalDay" */ = {
			isa = XCConfigurationList;
			buildConfigurations = (
				68C777681D775C3800FB32EC /* Debug */,
				68C777691D775C3800FB32EC /* Release */,
			);
			defaultConfigurationIsVisible = 0;
			defaultConfigurationName = Release;
		};
		68C7776A1D775C3800FB32EC /* Build configuration list for PBXNativeTarget "DigitalDayTests" */ = {
			isa = XCConfigurationList;
			buildConfigurations = (
				68C7776B1D775C3800FB32EC /* Debug */,
				68C7776C1D775C3800FB32EC /* Release */,
			);
			defaultConfigurationIsVisible = 0;
			defaultConfigurationName = Release;
		};
		68C7776D1D775C3800FB32EC /* Build configuration list for PBXNativeTarget "DigitalDayUITests" */ = {
			isa = XCConfigurationList;
			buildConfigurations = (
				68C7776E1D775C3800FB32EC /* Debug */,
				68C7776F1D775C3800FB32EC /* Release */,
			);
			defaultConfigurationIsVisible = 0;
			defaultConfigurationName = Release;
		};
		a7b035c70d0fb1333fc2e161 /* Build configuration list for PBXNativeTarget "DigitalDay-cal" */ = {
			isa = XCConfigurationList;
			buildConfigurations = (
				095e0b74b668d2ad4e0dce5a /* Debug */,
				1809cc3e6e774b4fc751c691 /* Release */,
			);
			defaultConfigurationIsVisible = 0;
			defaultConfigurationName = Release;
		};
/* End XCConfigurationList section */
	};
	rootObject = 68C777321D775C3700FB32EC /* Project object */;
}
